
Microsoft Visual Studio Solution File, Format Version 12.00
# Visual Studio Version 17
VisualStudioVersion = 17.5.33530.505
MinimumVisualStudioVersion = 10.0.40219.1
Project("{FAE04EC0-301F-11D3-BF4B-00C04F79EFBC}") = "Laba4", "WindowsFormsApp7\Laba4.csproj", "{B0023FD9-0F64-4F00-98CD-FF9746BD733A}"
EndProject
Project("{FAE04EC0-301F-11D3-BF4B-00C04F79EFBC}") = "Laba4_WPF", "..\WpfControlLibrary1\WpfControlLibrary1\Laba4_WPF.csproj", "{5B38320E-82FB-482B-9694-A15E448E1134}"
EndProject
Project("{FAE04EC0-301F-11D3-BF4B-00C04F79EFBC}") = "Laba4_WPF2", "..\WpfControlLibrary2\WpfControlLibrary2\Laba4_WPF2.csproj", "{36D66DAF-68C5-4EB1-B0B5-E5838DD646CD}"
EndProject
Global
	GlobalSection(SolutionConfigurationPlatforms) = preSolution
		Debug|Any CPU = Debug|Any CPU
		Release|Any CPU = Release|Any CPU
	EndGlobalSection
	GlobalSection(ProjectConfigurationPlatforms) = postSolution
		{B0023FD9-0F64-4F00-98CD-FF9746BD733A}.Debug|Any CPU.ActiveCfg = Debug|Any CPU
		{B0023FD9-0F64-4F00-98CD-FF9746BD733A}.Debug|Any CPU.Build.0 = Debug|Any CPU
		{B0023FD9-0F64-4F00-98CD-FF9746BD733A}.Release|Any CPU.ActiveCfg = Release|Any CPU
		{B0023FD9-0F64-4F00-98CD-FF9746BD733A}.Release|Any CPU.Build.0 = Release|Any CPU
		{5B38320E-82FB-482B-9694-A15E448E1134}.Debug|Any CPU.ActiveCfg = Debug|Any CPU
		{5B38320E-82FB-482B-9694-A15E448E1134}.Debug|Any CPU.Build.0 = Debug|Any CPU
		{5B38320E-82FB-482B-9694-A15E448E1134}.Release|Any CPU.ActiveCfg = Release|Any CPU
		{5B38320E-82FB-482B-9694-A15E448E1134}.Release|Any CPU.Build.0 = Release|Any CPU
		{36D66DAF-68C5-4EB1-B0B5-E5838DD646CD}.Debug|Any CPU.ActiveCfg = Debug|Any CPU
		{36D66DAF-68C5-4EB1-B0B5-E5838DD646CD}.Debug|Any CPU.Build.0 = Debug|Any CPU
		{36D66DAF-68C5-4EB1-B0B5-E5838DD646CD}.Release|Any CPU.ActiveCfg = Release|Any CPU
		{36D66DAF-68C5-4EB1-B0B5-E5838DD646CD}.Release|Any CPU.Build.0 = Release|Any CPU
	EndGlobalSection
	GlobalSection(SolutionProperties) = preSolution
		HideSolutionNode = FALSE
	EndGlobalSection
	GlobalSection(ExtensibilityGlobals) = postSolution
		SolutionGuid = {B866A02A-ECFD-4A3C-82F9-E1F7CE6D2728}
	EndGlobalSection
EndGlobal
